// !$*UTF8*$!
{
	archiveVersion = 1;
	classes = {
	};
	objectVersion = 56;
	objects = {

/* Begin PBXBuildFile section */
		0817000276204F7E940105DA /* ProfileCell.swift in Sources */ = {isa = PBXBuildFile; fileRef = D09C23F1D3295A58EBA80383 /* ProfileCell.swift */; };
		32AA4522A840809550650DB6 /* Parra in Frameworks */ = {isa = PBXBuildFile; productRef = 27C4AC8F0EC4CF75C24658AF /* Parra */; };
		3F8E96C2213AC9C019CFE14E /* SettingsFooter.swift in Sources */ = {isa = PBXBuildFile; fileRef = D4319D6E6DC389EBA8CCC6E0 /* SettingsFooter.swift */; };
		4D03182773D11EAA425451C7 /* ReviewAppCell.swift in Sources */ = {isa = PBXBuildFile; fileRef = 9381353BD4777199E4B1A6EF /* ReviewAppCell.swift */; };
		54D2BF584E74E96A98CF0FFD /* ShareCell.swift in Sources */ = {isa = PBXBuildFile; fileRef = D76C7B1BAB2C02E411CCE061 /* ShareCell.swift */; };
		570CE327EF483974A2962D2C /* PrivacyInfo.xcprivacy in Resources */ = {isa = PBXBuildFile; fileRef = A91F279230C42DF0CAF3ADA3 /* PrivacyInfo.xcprivacy */; };
		5E547130924273E32E09312B /* RejectionTab.swift in Sources */ = {isa = PBXBuildFile; fileRef = 124932296BF369C94304139D /* RejectionTab.swift */; };
		5FD7A282A6C02BF89C3B4EB2 /* ContentView.swift in Sources */ = {isa = PBXBuildFile; fileRef = 154002F6E02E3839CFD178DC /* ContentView.swift */; };
		64DE304B5D59D7C071059802 /* RoadmapCell.swift in Sources */ = {isa = PBXBuildFile; fileRef = 0C9D7B6DFA4BFF023C720B25 /* RoadmapCell.swift */; };
		81B54B40A5D30FB7D16A7AF2 /* ChangePasswordCell.swift in Sources */ = {isa = PBXBuildFile; fileRef = C49F84C3BF5B13B408C2AD08 /* ChangePasswordCell.swift */; };
		821428558A46CCB7CA6C97E9 /* LogoutCell.swift in Sources */ = {isa = PBXBuildFile; fileRef = 90B095E45451B1C3B54F430D /* LogoutCell.swift */; };
		822FAE652CC7DA41004D9FC5 /* StoreKit.framework in Frameworks */ = {isa = PBXBuildFile; fileRef = 822FAE642CC7DA41004D9FC5 /* StoreKit.framework */; };
		822FAE6C2CC7E0C8004D9FC5 /* TipJarView.swift in Sources */ = {isa = PBXBuildFile; fileRef = 82BBE7752CC495130098A625 /* TipJarView.swift */; };
		823BA3922CC5D1FC00FC4246 /* PreviewContainer.swift in Sources */ = {isa = PBXBuildFile; fileRef = 823BA3912CC5D1FC00FC4246 /* PreviewContainer.swift */; };
		8262A3842CC699E800C06860 /* SwipeActions in Frameworks */ = {isa = PBXBuildFile; productRef = 8262A3832CC699E800C06860 /* SwipeActions */; };
		8262A38D2CC6C0FE00C06860 /* EmojiPicker in Frameworks */ = {isa = PBXBuildFile; productRef = 8262A38C2CC6C0FE00C06860 /* EmojiPicker */; };
		8262A3902CC6C4D000C06860 /* GetHeightModifier.swift in Sources */ = {isa = PBXBuildFile; fileRef = 8262A38F2CC6C4C600C06860 /* GetHeightModifier.swift */; };
		82BBE7562CC40C870098A625 /* DataManager.swift in Sources */ = {isa = PBXBuildFile; fileRef = 82BBE7552CC40C870098A625 /* DataManager.swift */; };
		82BBE7582CC40F0D0098A625 /* Button.swift in Sources */ = {isa = PBXBuildFile; fileRef = 82BBE7572CC40F0D0098A625 /* Button.swift */; };
		82BBE75D2CC412C10098A625 /* CreateCategoryView.swift in Sources */ = {isa = PBXBuildFile; fileRef = 82BBE75C2CC412C10098A625 /* CreateCategoryView.swift */; };
		82BBE75F2CC4163A0098A625 /* CategoryPickerView.swift in Sources */ = {isa = PBXBuildFile; fileRef = 82BBE75E2CC4163A0098A625 /* CategoryPickerView.swift */; };
		82BBE7612CC4176B0098A625 /* IconView.swift in Sources */ = {isa = PBXBuildFile; fileRef = 82BBE7602CC4176B0098A625 /* IconView.swift */; };
		82BBE7632CC419280098A625 /* CreateRejectionView.swift in Sources */ = {isa = PBXBuildFile; fileRef = 82BBE7622CC419280098A625 /* CreateRejectionView.swift */; };
		82BBE7662CC42D0E0098A625 /* FormControl.swift in Sources */ = {isa = PBXBuildFile; fileRef = 82BBE7652CC42D0E0098A625 /* FormControl.swift */; };
		82BBE7692CC440CA0098A625 /* RejectionListEmptyStateView.swift in Sources */ = {isa = PBXBuildFile; fileRef = 82BBE7682CC440CA0098A625 /* RejectionListEmptyStateView.swift */; };
		82BBE76B2CC453CC0098A625 /* RejectionStatsView.swift in Sources */ = {isa = PBXBuildFile; fileRef = 82BBE76A2CC453CC0098A625 /* RejectionStatsView.swift */; };
		82BBE76E2CC4697B0098A625 /* Rejection.swift in Sources */ = {isa = PBXBuildFile; fileRef = 82BBE76D2CC4697B0098A625 /* Rejection.swift */; };
		82BBE7702CC469870098A625 /* Category.swift in Sources */ = {isa = PBXBuildFile; fileRef = 82BBE76F2CC469870098A625 /* Category.swift */; };
		82BBE7722CC4699C0098A625 /* Icon.swift in Sources */ = {isa = PBXBuildFile; fileRef = 82BBE7712CC4699C0098A625 /* Icon.swift */; };
		82BBE7742CC48CF90098A625 /* ShareView.swift in Sources */ = {isa = PBXBuildFile; fileRef = 82BBE7732CC48CF90098A625 /* ShareView.swift */; };
		82BBE7782CC4978C0098A625 /* Config.swift in Sources */ = {isa = PBXBuildFile; fileRef = 82BBE7772CC4978C0098A625 /* Config.swift */; };
		854405F8819C8B3E7F44F516 /* Assets.xcassets in Resources */ = {isa = PBXBuildFile; fileRef = 9EA9B9176E8DF5AEE1128C54 /* Assets.xcassets */; };
		971905E20D94C6D0016F2758 /* FeedbackCell.swift in Sources */ = {isa = PBXBuildFile; fileRef = 69A1F7F4757D50201A19C998 /* FeedbackCell.swift */; };
		A0A69DD4F3873D968AB10B9C /* EditProfileViewModel.swift in Sources */ = {isa = PBXBuildFile; fileRef = A4ADA21EA51AF9109E8DD8FA /* EditProfileViewModel.swift */; };
		A2269C2D73C1D966037A48AB /* ChangelogCell.swift in Sources */ = {isa = PBXBuildFile; fileRef = CD7644DEB1A9CA8CA6BC314F /* ChangelogCell.swift */; };
		AC486CC0024775A1C8E2E113 /* EditProfileView.swift in Sources */ = {isa = PBXBuildFile; fileRef = 4251C8E57D1867836CB2CAEA /* EditProfileView.swift */; };
		ADC3B9D7DD64D98F5E58E5F7 /* DeleteAccountCell.swift in Sources */ = {isa = PBXBuildFile; fileRef = A745EE26F4024E56ACD417F1 /* DeleteAccountCell.swift */; };
		B0255EE51DD919D2B6F5ACE4 /* AccountHeader.swift in Sources */ = {isa = PBXBuildFile; fileRef = F5CA272C130632FCFA8D3531 /* AccountHeader.swift */; };
		B1C9DB075B0BCF405BB7C040 /* SettingsTab.swift in Sources */ = {isa = PBXBuildFile; fileRef = FFB402E59E7D6AAB2D5B6BDC /* SettingsTab.swift */; };
		B355062D6E007387E50BD8A0 /* EditProfileTextField.swift in Sources */ = {isa = PBXBuildFile; fileRef = 35F6747A077A281DB3CC5A9E /* EditProfileTextField.swift */; };
		B72D43D0F35102291EB3664E /* AccountView.swift in Sources */ = {isa = PBXBuildFile; fileRef = A1231A95402C1EFF7BCD908E /* AccountView.swift */; };
		BD37840BBD311BF1A9AF1F26 /* LatestReleaseCell.swift in Sources */ = {isa = PBXBuildFile; fileRef = C3D2A25927182BB4BB7C80BF /* LatestReleaseCell.swift */; };
		EE8862579A62666B8126AFD8 /* App.swift in Sources */ = {isa = PBXBuildFile; fileRef = 3E35F832ED51DB48821D5020 /* App.swift */; };
		F7EFF34F0C298B7C86FDFE33 /* ThemeCell.swift in Sources */ = {isa = PBXBuildFile; fileRef = 06C4D055E8A9FDA3F23B9D71 /* ThemeCell.swift */; };
/* End PBXBuildFile section */

/* Begin PBXFileReference section */
		06C4D055E8A9FDA3F23B9D71 /* ThemeCell.swift */ = {isa = PBXFileReference; lastKnownFileType = sourcecode.swift; path = ThemeCell.swift; sourceTree = "<group>"; };
		0C9D7B6DFA4BFF023C720B25 /* RoadmapCell.swift */ = {isa = PBXFileReference; lastKnownFileType = sourcecode.swift; path = RoadmapCell.swift; sourceTree = "<group>"; };
		124932296BF369C94304139D /* RejectionTab.swift */ = {isa = PBXFileReference; lastKnownFileType = sourcecode.swift; path = RejectionTab.swift; sourceTree = "<group>"; };
		154002F6E02E3839CFD178DC /* ContentView.swift */ = {isa = PBXFileReference; lastKnownFileType = sourcecode.swift; path = ContentView.swift; sourceTree = "<group>"; };
		35F6747A077A281DB3CC5A9E /* EditProfileTextField.swift */ = {isa = PBXFileReference; lastKnownFileType = sourcecode.swift; path = EditProfileTextField.swift; sourceTree = "<group>"; };
		3E35F832ED51DB48821D5020 /* App.swift */ = {isa = PBXFileReference; lastKnownFileType = sourcecode.swift; path = App.swift; sourceTree = "<group>"; };
		4251C8E57D1867836CB2CAEA /* EditProfileView.swift */ = {isa = PBXFileReference; lastKnownFileType = sourcecode.swift; path = EditProfileView.swift; sourceTree = "<group>"; };
		480CB190F426F05A972CDF1D /* Info.plist */ = {isa = PBXFileReference; lastKnownFileType = text.plist; path = Info.plist; sourceTree = "<group>"; };
		5112FE23D49EA664061466D7 /* Rejected.app */ = {isa = PBXFileReference; explicitFileType = wrapper.application; includeInIndex = 0; path = Rejected.app; sourceTree = BUILT_PRODUCTS_DIR; };
		69A1F7F4757D50201A19C998 /* FeedbackCell.swift */ = {isa = PBXFileReference; lastKnownFileType = sourcecode.swift; path = FeedbackCell.swift; sourceTree = "<group>"; };
		6B5D71FFE7CDE04430E27517 /* Debug.entitlements */ = {isa = PBXFileReference; lastKnownFileType = text.plist.entitlements; path = Debug.entitlements; sourceTree = "<group>"; };
		822FAE642CC7DA41004D9FC5 /* StoreKit.framework */ = {isa = PBXFileReference; lastKnownFileType = wrapper.framework; name = StoreKit.framework; path = System/Library/Frameworks/StoreKit.framework; sourceTree = SDKROOT; };
		822FAE662CC7DA8B004D9FC5 /* StoreKit.storekit */ = {isa = PBXFileReference; lastKnownFileType = text; path = StoreKit.storekit; sourceTree = "<group>"; };
		823BA3912CC5D1FC00FC4246 /* PreviewContainer.swift */ = {isa = PBXFileReference; lastKnownFileType = sourcecode.swift; path = PreviewContainer.swift; sourceTree = "<group>"; };
		8262A38F2CC6C4C600C06860 /* GetHeightModifier.swift */ = {isa = PBXFileReference; lastKnownFileType = sourcecode.swift; path = GetHeightModifier.swift; sourceTree = "<group>"; };
		82BBE7552CC40C870098A625 /* DataManager.swift */ = {isa = PBXFileReference; lastKnownFileType = sourcecode.swift; path = DataManager.swift; sourceTree = "<group>"; };
		82BBE7572CC40F0D0098A625 /* Button.swift */ = {isa = PBXFileReference; lastKnownFileType = sourcecode.swift; path = Button.swift; sourceTree = "<group>"; };
		82BBE75C2CC412C10098A625 /* CreateCategoryView.swift */ = {isa = PBXFileReference; lastKnownFileType = sourcecode.swift; path = CreateCategoryView.swift; sourceTree = "<group>"; };
		82BBE75E2CC4163A0098A625 /* CategoryPickerView.swift */ = {isa = PBXFileReference; lastKnownFileType = sourcecode.swift; path = CategoryPickerView.swift; sourceTree = "<group>"; };
		82BBE7602CC4176B0098A625 /* IconView.swift */ = {isa = PBXFileReference; lastKnownFileType = sourcecode.swift; path = IconView.swift; sourceTree = "<group>"; };
		82BBE7622CC419280098A625 /* CreateRejectionView.swift */ = {isa = PBXFileReference; lastKnownFileType = sourcecode.swift; path = CreateRejectionView.swift; sourceTree = "<group>"; };
		82BBE7652CC42D0E0098A625 /* FormControl.swift */ = {isa = PBXFileReference; lastKnownFileType = sourcecode.swift; path = FormControl.swift; sourceTree = "<group>"; };
		82BBE7682CC440CA0098A625 /* RejectionListEmptyStateView.swift */ = {isa = PBXFileReference; lastKnownFileType = sourcecode.swift; path = RejectionListEmptyStateView.swift; sourceTree = "<group>"; };
		82BBE76A2CC453CC0098A625 /* RejectionStatsView.swift */ = {isa = PBXFileReference; lastKnownFileType = sourcecode.swift; path = RejectionStatsView.swift; sourceTree = "<group>"; };
		82BBE76D2CC4697B0098A625 /* Rejection.swift */ = {isa = PBXFileReference; lastKnownFileType = sourcecode.swift; path = Rejection.swift; sourceTree = "<group>"; };
		82BBE76F2CC469870098A625 /* Category.swift */ = {isa = PBXFileReference; lastKnownFileType = sourcecode.swift; path = Category.swift; sourceTree = "<group>"; };
		82BBE7712CC4699C0098A625 /* Icon.swift */ = {isa = PBXFileReference; lastKnownFileType = sourcecode.swift; path = Icon.swift; sourceTree = "<group>"; };
		82BBE7732CC48CF90098A625 /* ShareView.swift */ = {isa = PBXFileReference; lastKnownFileType = sourcecode.swift; path = ShareView.swift; sourceTree = "<group>"; };
		82BBE7752CC495130098A625 /* TipJarView.swift */ = {isa = PBXFileReference; lastKnownFileType = sourcecode.swift; path = TipJarView.swift; sourceTree = "<group>"; };
		82BBE7772CC4978C0098A625 /* Config.swift */ = {isa = PBXFileReference; lastKnownFileType = sourcecode.swift; path = Config.swift; sourceTree = "<group>"; };
		90B095E45451B1C3B54F430D /* LogoutCell.swift */ = {isa = PBXFileReference; lastKnownFileType = sourcecode.swift; path = LogoutCell.swift; sourceTree = "<group>"; };
		9381353BD4777199E4B1A6EF /* ReviewAppCell.swift */ = {isa = PBXFileReference; lastKnownFileType = sourcecode.swift; path = ReviewAppCell.swift; sourceTree = "<group>"; };
		9EA9B9176E8DF5AEE1128C54 /* Assets.xcassets */ = {isa = PBXFileReference; lastKnownFileType = folder.assetcatalog; path = Assets.xcassets; sourceTree = "<group>"; };
		A074607BF6E4CEE8446A6E2F /* Release.entitlements */ = {isa = PBXFileReference; lastKnownFileType = text.plist.entitlements; path = Release.entitlements; sourceTree = "<group>"; };
		A1231A95402C1EFF7BCD908E /* AccountView.swift */ = {isa = PBXFileReference; lastKnownFileType = sourcecode.swift; path = AccountView.swift; sourceTree = "<group>"; };
		A4ADA21EA51AF9109E8DD8FA /* EditProfileViewModel.swift */ = {isa = PBXFileReference; lastKnownFileType = sourcecode.swift; path = EditProfileViewModel.swift; sourceTree = "<group>"; };
		A745EE26F4024E56ACD417F1 /* DeleteAccountCell.swift */ = {isa = PBXFileReference; lastKnownFileType = sourcecode.swift; path = DeleteAccountCell.swift; sourceTree = "<group>"; };
		A91F279230C42DF0CAF3ADA3 /* PrivacyInfo.xcprivacy */ = {isa = PBXFileReference; lastKnownFileType = text.xml; path = PrivacyInfo.xcprivacy; sourceTree = "<group>"; };
		C3D2A25927182BB4BB7C80BF /* LatestReleaseCell.swift */ = {isa = PBXFileReference; lastKnownFileType = sourcecode.swift; path = LatestReleaseCell.swift; sourceTree = "<group>"; };
		C49F84C3BF5B13B408C2AD08 /* ChangePasswordCell.swift */ = {isa = PBXFileReference; lastKnownFileType = sourcecode.swift; path = ChangePasswordCell.swift; sourceTree = "<group>"; };
		CD7644DEB1A9CA8CA6BC314F /* ChangelogCell.swift */ = {isa = PBXFileReference; lastKnownFileType = sourcecode.swift; path = ChangelogCell.swift; sourceTree = "<group>"; };
		D09C23F1D3295A58EBA80383 /* ProfileCell.swift */ = {isa = PBXFileReference; lastKnownFileType = sourcecode.swift; path = ProfileCell.swift; sourceTree = "<group>"; };
		D4319D6E6DC389EBA8CCC6E0 /* SettingsFooter.swift */ = {isa = PBXFileReference; lastKnownFileType = sourcecode.swift; path = SettingsFooter.swift; sourceTree = "<group>"; };
		D76C7B1BAB2C02E411CCE061 /* ShareCell.swift */ = {isa = PBXFileReference; lastKnownFileType = sourcecode.swift; path = ShareCell.swift; sourceTree = "<group>"; };
		F5CA272C130632FCFA8D3531 /* AccountHeader.swift */ = {isa = PBXFileReference; lastKnownFileType = sourcecode.swift; path = AccountHeader.swift; sourceTree = "<group>"; };
		FFB402E59E7D6AAB2D5B6BDC /* SettingsTab.swift */ = {isa = PBXFileReference; lastKnownFileType = sourcecode.swift; path = SettingsTab.swift; sourceTree = "<group>"; };
/* End PBXFileReference section */

/* Begin PBXFrameworksBuildPhase section */
		4BEFC1A80BFBB5312FC410BD /* Frameworks */ = {
			isa = PBXFrameworksBuildPhase;
			buildActionMask = 2147483647;
			files = (
				8262A38D2CC6C0FE00C06860 /* EmojiPicker in Frameworks */,
				32AA4522A840809550650DB6 /* Parra in Frameworks */,
				8262A3842CC699E800C06860 /* SwipeActions in Frameworks */,
				822FAE652CC7DA41004D9FC5 /* StoreKit.framework in Frameworks */,
			);
			runOnlyForDeploymentPostprocessing = 0;
		};
/* End PBXFrameworksBuildPhase section */

/* Begin PBXGroup section */
		16FE9414516E8AB5334181F0 /* RejectionTrackerIosApp */ = {
			isa = PBXGroup;
			children = (
				82BBE7542CC409780098A625 /* Sources */,
				9EA9B9176E8DF5AEE1128C54 /* Assets.xcassets */,
				822FAE662CC7DA8B004D9FC5 /* StoreKit.storekit */,
				6B5D71FFE7CDE04430E27517 /* Debug.entitlements */,
				480CB190F426F05A972CDF1D /* Info.plist */,
				A91F279230C42DF0CAF3ADA3 /* PrivacyInfo.xcprivacy */,
				A074607BF6E4CEE8446A6E2F /* Release.entitlements */,
			);
			path = RejectionTrackerIosApp;
			sourceTree = "<group>";
		};
		43341AE5B2D23082FAC06811 /* Account Screen */ = {
			isa = PBXGroup;
			children = (
				F5CA272C130632FCFA8D3531 /* AccountHeader.swift */,
				A1231A95402C1EFF7BCD908E /* AccountView.swift */,
				C49F84C3BF5B13B408C2AD08 /* ChangePasswordCell.swift */,
				A745EE26F4024E56ACD417F1 /* DeleteAccountCell.swift */,
				90B095E45451B1C3B54F430D /* LogoutCell.swift */,
			);
			path = "Account Screen";
			sourceTree = "<group>";
		};
		4661E79BDB9ED949105C7EA7 = {
			isa = PBXGroup;
			children = (
				16FE9414516E8AB5334181F0 /* RejectionTrackerIosApp */,
				E2D154C0341A9A5FAF45C726 /* Products */,
				829FCD6C2CC7D86E0098532B /* Frameworks */,
			);
			sourceTree = "<group>";
		};
		61C132632BF5FA9BF8BB47D1 /* Edit Profile Screen */ = {
			isa = PBXGroup;
			children = (
				35F6747A077A281DB3CC5A9E /* EditProfileTextField.swift */,
				4251C8E57D1867836CB2CAEA /* EditProfileView.swift */,
				A4ADA21EA51AF9109E8DD8FA /* EditProfileViewModel.swift */,
			);
			path = "Edit Profile Screen";
			sourceTree = "<group>";
		};
		8262A38E2CC6C4B000C06860 /* Utilities */ = {
			isa = PBXGroup;
			children = (
				8262A38F2CC6C4C600C06860 /* GetHeightModifier.swift */,
			);
			path = Utilities;
			sourceTree = "<group>";
		};
		829FCD6C2CC7D86E0098532B /* Frameworks */ = {
			isa = PBXGroup;
			children = (
				822FAE642CC7DA41004D9FC5 /* StoreKit.framework */,
			);
			name = Frameworks;
			sourceTree = "<group>";
		};
		82BBE7542CC409780098A625 /* Sources */ = {
			isa = PBXGroup;
			children = (
				8262A38E2CC6C4B000C06860 /* Utilities */,
				82BBE76C2CC469640098A625 /* Models */,
				82BBE7642CC4192F0098A625 /* UI */,
				3E35F832ED51DB48821D5020 /* App.swift */,
				82BBE7552CC40C870098A625 /* DataManager.swift */,
				154002F6E02E3839CFD178DC /* ContentView.swift */,
				124932296BF369C94304139D /* RejectionTab.swift */,
				82BBE75C2CC412C10098A625 /* CreateCategoryView.swift */,
				82BBE75E2CC4163A0098A625 /* CategoryPickerView.swift */,
				82BBE7622CC419280098A625 /* CreateRejectionView.swift */,
				F49C24ACA60C4F65B9E86936 /* Settings Tab */,
				82BBE7732CC48CF90098A625 /* ShareView.swift */,
				82BBE7752CC495130098A625 /* TipJarView.swift */,
				82BBE7772CC4978C0098A625 /* Config.swift */,
				823BA3912CC5D1FC00FC4246 /* PreviewContainer.swift */,
			);
			path = Sources;
			sourceTree = "<group>";
		};
		82BBE7642CC4192F0098A625 /* UI */ = {
			isa = PBXGroup;
			children = (
				82BBE7672CC440BA0098A625 /* Empty States */,
				82BBE7572CC40F0D0098A625 /* Button.swift */,
				82BBE7602CC4176B0098A625 /* IconView.swift */,
				82BBE7652CC42D0E0098A625 /* FormControl.swift */,
				82BBE76A2CC453CC0098A625 /* RejectionStatsView.swift */,
			);
			path = UI;
			sourceTree = "<group>";
		};
		82BBE7672CC440BA0098A625 /* Empty States */ = {
			isa = PBXGroup;
			children = (
				82BBE7682CC440CA0098A625 /* RejectionListEmptyStateView.swift */,
			);
			path = "Empty States";
			sourceTree = "<group>";
		};
		82BBE76C2CC469640098A625 /* Models */ = {
			isa = PBXGroup;
			children = (
				82BBE76D2CC4697B0098A625 /* Rejection.swift */,
				82BBE76F2CC469870098A625 /* Category.swift */,
				82BBE7712CC4699C0098A625 /* Icon.swift */,
			);
			path = Models;
			sourceTree = "<group>";
		};
		A88511C606E89A8EE0FA3155 /* Cells */ = {
			isa = PBXGroup;
			children = (
				CD7644DEB1A9CA8CA6BC314F /* ChangelogCell.swift */,
				69A1F7F4757D50201A19C998 /* FeedbackCell.swift */,
				C3D2A25927182BB4BB7C80BF /* LatestReleaseCell.swift */,
				D09C23F1D3295A58EBA80383 /* ProfileCell.swift */,
				9381353BD4777199E4B1A6EF /* ReviewAppCell.swift */,
				0C9D7B6DFA4BFF023C720B25 /* RoadmapCell.swift */,
				D76C7B1BAB2C02E411CCE061 /* ShareCell.swift */,
				06C4D055E8A9FDA3F23B9D71 /* ThemeCell.swift */,
			);
			path = Cells;
			sourceTree = "<group>";
		};
		E2D154C0341A9A5FAF45C726 /* Products */ = {
			isa = PBXGroup;
			children = (
				5112FE23D49EA664061466D7 /* Rejected.app */,
			);
			name = Products;
			sourceTree = "<group>";
		};
		F49C24ACA60C4F65B9E86936 /* Settings Tab */ = {
			isa = PBXGroup;
			children = (
				FFB402E59E7D6AAB2D5B6BDC /* SettingsTab.swift */,
				D4319D6E6DC389EBA8CCC6E0 /* SettingsFooter.swift */,
				43341AE5B2D23082FAC06811 /* Account Screen */,
				A88511C606E89A8EE0FA3155 /* Cells */,
				61C132632BF5FA9BF8BB47D1 /* Edit Profile Screen */,
			);
			path = "Settings Tab";
			sourceTree = "<group>";
		};
/* End PBXGroup section */

/* Begin PBXNativeTarget section */
		1C622D312AC192231E32A392 /* Rejected */ = {
			isa = PBXNativeTarget;
			buildConfigurationList = 643FEB854819A5FB576BF5DF /* Build configuration list for PBXNativeTarget "Rejected" */;
			buildPhases = (
				9C71DFBE090F4E8B073C4ED6 /* Sources */,
				E8DD0AFC18AF77A57D7AB2AC /* Resources */,
				4BEFC1A80BFBB5312FC410BD /* Frameworks */,
			);
			buildRules = (
			);
			dependencies = (
			);
			name = Rejected;
			packageProductDependencies = (
				27C4AC8F0EC4CF75C24658AF /* Parra */,
				8262A3832CC699E800C06860 /* SwipeActions */,
				8262A38C2CC6C0FE00C06860 /* EmojiPicker */,
			);
			productName = RejectionTrackerIosApp;
			productReference = 5112FE23D49EA664061466D7 /* Rejected.app */;
			productType = "com.apple.product-type.application";
		};
/* End PBXNativeTarget section */

/* Begin PBXProject section */
		1D176446FBAD4E3EC917D0F2 /* Project object */ = {
			isa = PBXProject;
			attributes = {
				BuildIndependentTargetsInParallel = YES;
				LastUpgradeCheck = 1540;
			};
			buildConfigurationList = 114FE0F6DFE7AE3C458F3D5C /* Build configuration list for PBXProject "RejectionTrackerIosApp" */;
			compatibilityVersion = "Xcode 14.0";
			developmentRegion = en;
			hasScannedForEncodings = 0;
			knownRegions = (
				Base,
				en,
			);
			mainGroup = 4661E79BDB9ED949105C7EA7;
			packageReferences = (
				9BA8EBCDD90E8698EDAE055F /* XCRemoteSwiftPackageReference "parra-mobile-sdks" */,
				8262A3822CC699E800C06860 /* XCRemoteSwiftPackageReference "SwipeActions" */,
				8262A38B2CC6C0FE00C06860 /* XCRemoteSwiftPackageReference "EmojiPicker" */,
			);
			projectDirPath = "";
			projectRoot = "";
			targets = (
				1C622D312AC192231E32A392 /* Rejected */,
			);
		};
/* End PBXProject section */

/* Begin PBXResourcesBuildPhase section */
		E8DD0AFC18AF77A57D7AB2AC /* Resources */ = {
			isa = PBXResourcesBuildPhase;
			buildActionMask = 2147483647;
			files = (
				854405F8819C8B3E7F44F516 /* Assets.xcassets in Resources */,
				570CE327EF483974A2962D2C /* PrivacyInfo.xcprivacy in Resources */,
			);
			runOnlyForDeploymentPostprocessing = 0;
		};
/* End PBXResourcesBuildPhase section */

/* Begin PBXSourcesBuildPhase section */
		9C71DFBE090F4E8B073C4ED6 /* Sources */ = {
			isa = PBXSourcesBuildPhase;
			buildActionMask = 2147483647;
			files = (
				82BBE75D2CC412C10098A625 /* CreateCategoryView.swift in Sources */,
				B0255EE51DD919D2B6F5ACE4 /* AccountHeader.swift in Sources */,
				822FAE6C2CC7E0C8004D9FC5 /* TipJarView.swift in Sources */,
				82BBE7582CC40F0D0098A625 /* Button.swift in Sources */,
				82BBE7612CC4176B0098A625 /* IconView.swift in Sources */,
				B72D43D0F35102291EB3664E /* AccountView.swift in Sources */,
				EE8862579A62666B8126AFD8 /* App.swift in Sources */,
				82BBE7742CC48CF90098A625 /* ShareView.swift in Sources */,
				82BBE7632CC419280098A625 /* CreateRejectionView.swift in Sources */,
				82BBE7702CC469870098A625 /* Category.swift in Sources */,
				81B54B40A5D30FB7D16A7AF2 /* ChangePasswordCell.swift in Sources */,
				A2269C2D73C1D966037A48AB /* ChangelogCell.swift in Sources */,
				5FD7A282A6C02BF89C3B4EB2 /* ContentView.swift in Sources */,
				ADC3B9D7DD64D98F5E58E5F7 /* DeleteAccountCell.swift in Sources */,
				B355062D6E007387E50BD8A0 /* EditProfileTextField.swift in Sources */,
				AC486CC0024775A1C8E2E113 /* EditProfileView.swift in Sources */,
				A0A69DD4F3873D968AB10B9C /* EditProfileViewModel.swift in Sources */,
				823BA3922CC5D1FC00FC4246 /* PreviewContainer.swift in Sources */,
				82BBE76E2CC4697B0098A625 /* Rejection.swift in Sources */,
				971905E20D94C6D0016F2758 /* FeedbackCell.swift in Sources */,
				BD37840BBD311BF1A9AF1F26 /* LatestReleaseCell.swift in Sources */,
				82BBE76B2CC453CC0098A625 /* RejectionStatsView.swift in Sources */,
				821428558A46CCB7CA6C97E9 /* LogoutCell.swift in Sources */,
				82BBE7662CC42D0E0098A625 /* FormControl.swift in Sources */,
				82BBE7722CC4699C0098A625 /* Icon.swift in Sources */,
				0817000276204F7E940105DA /* ProfileCell.swift in Sources */,
				4D03182773D11EAA425451C7 /* ReviewAppCell.swift in Sources */,
				64DE304B5D59D7C071059802 /* RoadmapCell.swift in Sources */,
				82BBE75F2CC4163A0098A625 /* CategoryPickerView.swift in Sources */,
				5E547130924273E32E09312B /* RejectionTab.swift in Sources */,
				82BBE7782CC4978C0098A625 /* Config.swift in Sources */,
				82BBE7692CC440CA0098A625 /* RejectionListEmptyStateView.swift in Sources */,
				3F8E96C2213AC9C019CFE14E /* SettingsFooter.swift in Sources */,
				B1C9DB075B0BCF405BB7C040 /* SettingsTab.swift in Sources */,
				8262A3902CC6C4D000C06860 /* GetHeightModifier.swift in Sources */,
				82BBE7562CC40C870098A625 /* DataManager.swift in Sources */,
				54D2BF584E74E96A98CF0FFD /* ShareCell.swift in Sources */,
				F7EFF34F0C298B7C86FDFE33 /* ThemeCell.swift in Sources */,
			);
			runOnlyForDeploymentPostprocessing = 0;
		};
/* End PBXSourcesBuildPhase section */

/* Begin XCBuildConfiguration section */
		41DFBE6BD08B861692169323 /* Debug */ = {
			isa = XCBuildConfiguration;
			buildSettings = {
				ALWAYS_SEARCH_USER_PATHS = NO;
				ASSETCATALOG_COMPILER_GENERATE_SWIFT_ASSET_SYMBOL_EXTENSIONS = YES;
				CLANG_ANALYZER_NONNULL = YES;
				CLANG_ANALYZER_NUMBER_OBJECT_CONVERSION = YES_AGGRESSIVE;
				CLANG_CXX_LANGUAGE_STANDARD = "gnu++14";
				CLANG_CXX_LIBRARY = "libc++";
				CLANG_ENABLE_MODULES = YES;
				CLANG_ENABLE_OBJC_ARC = YES;
				CLANG_ENABLE_OBJC_WEAK = YES;
				CLANG_WARN_BLOCK_CAPTURE_AUTORELEASING = YES;
				CLANG_WARN_BOOL_CONVERSION = YES;
				CLANG_WARN_COMMA = YES;
				CLANG_WARN_CONSTANT_CONVERSION = YES;
				CLANG_WARN_DEPRECATED_OBJC_IMPLEMENTATIONS = YES;
				CLANG_WARN_DIRECT_OBJC_ISA_USAGE = YES_ERROR;
				CLANG_WARN_DOCUMENTATION_COMMENTS = YES;
				CLANG_WARN_EMPTY_BODY = YES;
				CLANG_WARN_ENUM_CONVERSION = YES;
				CLANG_WARN_INFINITE_RECURSION = YES;
				CLANG_WARN_INT_CONVERSION = YES;
				CLANG_WARN_NON_LITERAL_NULL_CONVERSION = YES;
				CLANG_WARN_OBJC_IMPLICIT_RETAIN_SELF = YES;
				CLANG_WARN_OBJC_LITERAL_CONVERSION = YES;
				CLANG_WARN_OBJC_ROOT_CLASS = YES_ERROR;
				CLANG_WARN_QUOTED_INCLUDE_IN_FRAMEWORK_HEADER = YES;
				CLANG_WARN_RANGE_LOOP_ANALYSIS = YES;
				CLANG_WARN_STRICT_PROTOTYPES = YES;
				CLANG_WARN_SUSPICIOUS_MOVE = YES;
				CLANG_WARN_UNGUARDED_AVAILABILITY = YES_AGGRESSIVE;
				CLANG_WARN_UNREACHABLE_CODE = YES;
				CLANG_WARN__DUPLICATE_METHOD_MATCH = YES;
				COPY_PHASE_STRIP = NO;
				DEBUG_INFORMATION_FORMAT = dwarf;
				ENABLE_STRICT_OBJC_MSGSEND = YES;
				ENABLE_TESTABILITY = YES;
				GCC_C_LANGUAGE_STANDARD = gnu11;
				GCC_DYNAMIC_NO_PIC = NO;
				GCC_NO_COMMON_BLOCKS = YES;
				GCC_OPTIMIZATION_LEVEL = 0;
				GCC_PREPROCESSOR_DEFINITIONS = (
					"$(inherited)",
					"DEBUG=1",
				);
				GCC_WARN_64_TO_32_BIT_CONVERSION = YES;
				GCC_WARN_ABOUT_RETURN_TYPE = YES_ERROR;
				GCC_WARN_UNDECLARED_SELECTOR = YES;
				GCC_WARN_UNINITIALIZED_AUTOS = YES_AGGRESSIVE;
				GCC_WARN_UNUSED_FUNCTION = YES;
				GCC_WARN_UNUSED_VARIABLE = YES;
				IPHONEOS_DEPLOYMENT_TARGET = 17.0;
				MTL_ENABLE_DEBUG_INFO = INCLUDE_SOURCE;
				MTL_FAST_MATH = YES;
				ONLY_ACTIVE_ARCH = YES;
				PRODUCT_NAME = "$(TARGET_NAME)";
				SDKROOT = iphoneos;
				SWIFT_ACTIVE_COMPILATION_CONDITIONS = DEBUG;
				SWIFT_OPTIMIZATION_LEVEL = "-Onone";
				SWIFT_VERSION = 5.0;
			};
			name = Debug;
		};
		72C99E623A88C690DBDBFBCC /* Release */ = {
			isa = XCBuildConfiguration;
			buildSettings = {
				ALWAYS_SEARCH_USER_PATHS = NO;
				ASSETCATALOG_COMPILER_GENERATE_SWIFT_ASSET_SYMBOL_EXTENSIONS = YES;
				CLANG_ANALYZER_NONNULL = YES;
				CLANG_ANALYZER_NUMBER_OBJECT_CONVERSION = YES_AGGRESSIVE;
				CLANG_CXX_LANGUAGE_STANDARD = "gnu++14";
				CLANG_CXX_LIBRARY = "libc++";
				CLANG_ENABLE_MODULES = YES;
				CLANG_ENABLE_OBJC_ARC = YES;
				CLANG_ENABLE_OBJC_WEAK = YES;
				CLANG_WARN_BLOCK_CAPTURE_AUTORELEASING = YES;
				CLANG_WARN_BOOL_CONVERSION = YES;
				CLANG_WARN_COMMA = YES;
				CLANG_WARN_CONSTANT_CONVERSION = YES;
				CLANG_WARN_DEPRECATED_OBJC_IMPLEMENTATIONS = YES;
				CLANG_WARN_DIRECT_OBJC_ISA_USAGE = YES_ERROR;
				CLANG_WARN_DOCUMENTATION_COMMENTS = YES;
				CLANG_WARN_EMPTY_BODY = YES;
				CLANG_WARN_ENUM_CONVERSION = YES;
				CLANG_WARN_INFINITE_RECURSION = YES;
				CLANG_WARN_INT_CONVERSION = YES;
				CLANG_WARN_NON_LITERAL_NULL_CONVERSION = YES;
				CLANG_WARN_OBJC_IMPLICIT_RETAIN_SELF = YES;
				CLANG_WARN_OBJC_LITERAL_CONVERSION = YES;
				CLANG_WARN_OBJC_ROOT_CLASS = YES_ERROR;
				CLANG_WARN_QUOTED_INCLUDE_IN_FRAMEWORK_HEADER = YES;
				CLANG_WARN_RANGE_LOOP_ANALYSIS = YES;
				CLANG_WARN_STRICT_PROTOTYPES = YES;
				CLANG_WARN_SUSPICIOUS_MOVE = YES;
				CLANG_WARN_UNGUARDED_AVAILABILITY = YES_AGGRESSIVE;
				CLANG_WARN_UNREACHABLE_CODE = YES;
				CLANG_WARN__DUPLICATE_METHOD_MATCH = YES;
				COPY_PHASE_STRIP = NO;
				DEBUG_INFORMATION_FORMAT = "dwarf-with-dsym";
				ENABLE_NS_ASSERTIONS = NO;
				ENABLE_STRICT_OBJC_MSGSEND = YES;
				GCC_C_LANGUAGE_STANDARD = gnu11;
				GCC_NO_COMMON_BLOCKS = YES;
				GCC_WARN_64_TO_32_BIT_CONVERSION = YES;
				GCC_WARN_ABOUT_RETURN_TYPE = YES_ERROR;
				GCC_WARN_UNDECLARED_SELECTOR = YES;
				GCC_WARN_UNINITIALIZED_AUTOS = YES_AGGRESSIVE;
				GCC_WARN_UNUSED_FUNCTION = YES;
				GCC_WARN_UNUSED_VARIABLE = YES;
				IPHONEOS_DEPLOYMENT_TARGET = 17.0;
				MTL_ENABLE_DEBUG_INFO = NO;
				MTL_FAST_MATH = YES;
				PRODUCT_NAME = "$(TARGET_NAME)";
				SDKROOT = iphoneos;
				SWIFT_COMPILATION_MODE = wholemodule;
				SWIFT_OPTIMIZATION_LEVEL = "-O";
				SWIFT_VERSION = 5.0;
			};
			name = Release;
		};
		EE232CA530B9B44982EBBE46 /* Debug */ = {
			isa = XCBuildConfiguration;
			buildSettings = {
				ASSETCATALOG_COMPILER_APPICON_NAME = AppIcon;
				CODE_SIGNING_ALLOWED = YES;
				CODE_SIGNING_REQUIRED = YES;
				CODE_SIGN_ENTITLEMENTS = RejectionTrackerIosApp/Debug.entitlements;
				CODE_SIGN_IDENTITY = "Apple Development";
				CODE_SIGN_STYLE = Automatic;
				CURRENT_PROJECT_VERSION = 11;
				DEBUG_INFORMATION_FORMAT = dwarf;
				DEVELOPMENT_TEAM = 6D44Q764PG;
				ENABLE_USER_SCRIPT_SANDBOXING = YES;
				INFOPLIST_FILE = RejectionTrackerIosApp/Info.plist;
				INFOPLIST_KEY_CFBundleDisplayName = Rejected;
				IPHONEOS_DEPLOYMENT_TARGET = 17.0;
				LD_RUNPATH_SEARCH_PATHS = (
					"$(inherited)",
					"@executable_path/Frameworks",
				);
				MARKETING_VERSION = 1.0.1;
				PRODUCT_BUNDLE_IDENTIFIER = com.parra.rejected;
				PROVISIONING_PROFILE_SPECIFIER = "";
				SDKROOT = iphoneos;
				SUPPORTED_PLATFORMS = "iphoneos iphonesimulator";
				SUPPORTS_MACCATALYST = NO;
				SWIFT_ENABLE_BARE_SLASH_REGEX = YES;
				SWIFT_VERSION = 5.1;
				TARGETED_DEVICE_FAMILY = 1;
			};
			name = Debug;
		};
		FF94AE84DAF8C5D702A5B168 /* Release */ = {
			isa = XCBuildConfiguration;
			buildSettings = {
				ASSETCATALOG_COMPILER_APPICON_NAME = AppIcon;
				CODE_SIGNING_ALLOWED = YES;
				CODE_SIGNING_REQUIRED = YES;
				CODE_SIGN_ENTITLEMENTS = RejectionTrackerIosApp/Release.entitlements;
				CODE_SIGN_IDENTITY = "Apple Development";
				CODE_SIGN_STYLE = Automatic;
				CURRENT_PROJECT_VERSION = 11;
				DEBUG_INFORMATION_FORMAT = "dwarf-with-dsym";
				DEVELOPMENT_TEAM = 6D44Q764PG;
				ENABLE_USER_SCRIPT_SANDBOXING = YES;
				INFOPLIST_FILE = RejectionTrackerIosApp/Info.plist;
				INFOPLIST_KEY_CFBundleDisplayName = Rejected;
				IPHONEOS_DEPLOYMENT_TARGET = 17.0;
				LD_RUNPATH_SEARCH_PATHS = (
					"$(inherited)",
					"@executable_path/Frameworks",
				);
				MARKETING_VERSION = 1.0.1;
				PRODUCT_BUNDLE_IDENTIFIER = com.parra.rejected;
				PROVISIONING_PROFILE_SPECIFIER = "";
				SDKROOT = iphoneos;
				SUPPORTED_PLATFORMS = "iphoneos iphonesimulator";
				SUPPORTS_MACCATALYST = NO;
				SWIFT_ENABLE_BARE_SLASH_REGEX = YES;
				SWIFT_VERSION = 5.1;
				TARGETED_DEVICE_FAMILY = 1;
			};
			name = Release;
		};
/* End XCBuildConfiguration section */

/* Begin XCConfigurationList section */
		114FE0F6DFE7AE3C458F3D5C /* Build configuration list for PBXProject "RejectionTrackerIosApp" */ = {
			isa = XCConfigurationList;
			buildConfigurations = (
				41DFBE6BD08B861692169323 /* Debug */,
				72C99E623A88C690DBDBFBCC /* Release */,
			);
			defaultConfigurationIsVisible = 0;
			defaultConfigurationName = Debug;
		};
		643FEB854819A5FB576BF5DF /* Build configuration list for PBXNativeTarget "Rejected" */ = {
			isa = XCConfigurationList;
			buildConfigurations = (
				EE232CA530B9B44982EBBE46 /* Debug */,
				FF94AE84DAF8C5D702A5B168 /* Release */,
			);
			defaultConfigurationIsVisible = 0;
			defaultConfigurationName = Debug;
		};
/* End XCConfigurationList section */

/* Begin XCRemoteSwiftPackageReference section */
		8262A3822CC699E800C06860 /* XCRemoteSwiftPackageReference "SwipeActions" */ = {
			isa = XCRemoteSwiftPackageReference;
			repositoryURL = "https://github.com/c-villain/SwipeActions";
			requirement = {
				kind = upToNextMajorVersion;
				minimumVersion = 0.4.1;
			};
		};
		8262A38B2CC6C0FE00C06860 /* XCRemoteSwiftPackageReference "EmojiPicker" */ = {
			isa = XCRemoteSwiftPackageReference;
			repositoryURL = "https://github.com/Parra-Inc/EmojiPicker";
			requirement = {
				branch = main;
				kind = branch;
			};
		};
		9BA8EBCDD90E8698EDAE055F /* XCRemoteSwiftPackageReference "parra-mobile-sdks" */ = {
			isa = XCRemoteSwiftPackageReference;
			repositoryURL = "https://github.com/Parra-Inc/parra-mobile-sdks";
			requirement = {
				kind = upToNextMajorVersion;
				minimumVersion = 0.10.1;
			};
		};
/* End XCRemoteSwiftPackageReference section */

/* Begin XCSwiftPackageProductDependency section */
		27C4AC8F0EC4CF75C24658AF /* Parra */ = {
			isa = XCSwiftPackageProductDependency;
			package = 9BA8EBCDD90E8698EDAE055F /* XCRemoteSwiftPackageReference "parra-mobile-sdks" */;
			productName = Parra;
		};
		8262A3832CC699E800C06860 /* SwipeActions */ = {
			isa = XCSwiftPackageProductDependency;
			package = 8262A3822CC699E800C06860 /* XCRemoteSwiftPackageReference "SwipeActions" */;
			productName = SwipeActions;
		};
		8262A38C2CC6C0FE00C06860 /* EmojiPicker */ = {
			isa = XCSwiftPackageProductDependency;
			package = 8262A38B2CC6C0FE00C06860 /* XCRemoteSwiftPackageReference "EmojiPicker" */;
			productName = EmojiPicker;
		};
/* End XCSwiftPackageProductDependency section */
	};
	rootObject = 1D176446FBAD4E3EC917D0F2 /* Project object */;
}
